
Microsoft Visual Studio Solution File, Format Version 12.00
# Visual Studio Version 17
VisualStudioVersion = 17.14.37502.11 d17.14
MinimumVisualStudioVersion = 10.0.40219.1
Project("{FAE04EC0-301F-11D3-BF4B-00C04F79EFBC}") = "advanced-c-sharp", "advanced-c-sharp.csproj", "{98919A6B-06DD-4913-8A08-053FDFEA06E3}"
EndProject
Global
	GlobalSection(SolutionConfigurationPlatforms) = preSolution
		Debug|Any CPU = Debug|Any CPU
		Release|Any CPU = Release|Any CPU
	EndGlobalSection
	GlobalSection(ProjectConfigurationPlatforms) = postSolution
		{98919A6B-06DD-4913-8A08-053FDFEA06E3}.Debug|Any CPU.ActiveCfg = Debug|Any CPU
		{98919A6B-06DD-4913-8A08-053FDFEA06E3}.Debug|Any CPU.Build.0 = Debug|Any CPU
		{98919A6B-06DD-4913-8A08-053FDFEA06E3}.Release|Any CPU.ActiveCfg = Release|Any CPU
		{98919A6B-06DD-4913-8A08-053FDFEA06E3}.Release|Any CPU.Build.0 = Release|Any CPU
	EndGlobalSection
	GlobalSection(SolutionProperties) = preSolution
		HideSolutionNode = FALSE
	EndGlobalSection
	GlobalSection(ExtensibilityGlobals) = postSolution
		SolutionGuid = {63A723DF-263E-46CF-BFC8-B81270392AD5}
	EndGlobalSection
EndGlobal
